
Microsoft Visual Studio Solution File, Format Version 12.00
# Visual Studio Version 16
VisualStudioVersion = 16.0.29215.179
MinimumVisualStudioVersion = 10.0.40219.1
Project("{FAE04EC0-301F-11D3-BF4B-00C04F79EFBC}") = "1and3_ProgrammingInAnAdultWay", "1_ProgrammingInAnAdultWay\1and3_ProgrammingInAnAdultWay.csproj", "{D442BD20-F99A-473E-A703-984C2C48029F}"
EndProject
Project("{FAE04EC0-301F-11D3-BF4B-00C04F79EFBC}") = "2_WinBelieveUnbelievers", "2_WinBelieveUnbelievers\2_WinBelieveUnbelievers.csproj", "{4C98EA4C-59A6-4EA4-8738-94B1B4788282}"
EndProject
Global
	GlobalSection(SolutionConfigurationPlatforms) = preSolution
		Debug|Any CPU = Debug|Any CPU
		Release|Any CPU = Release|Any CPU
	EndGlobalSection
	GlobalSection(ProjectConfigurationPlatforms) = postSolution
		{D442BD20-F99A-473E-A703-984C2C48029F}.Debug|Any CPU.ActiveCfg = Debug|Any CPU
		{D442BD20-F99A-473E-A703-984C2C48029F}.Debug|Any CPU.Build.0 = Debug|Any CPU
		{D442BD20-F99A-473E-A703-984C2C48029F}.Release|Any CPU.ActiveCfg = Release|Any CPU
		{D442BD20-F99A-473E-A703-984C2C48029F}.Release|Any CPU.Build.0 = Release|Any CPU
		{4C98EA4C-59A6-4EA4-8738-94B1B4788282}.Debug|Any CPU.ActiveCfg = Debug|Any CPU
		{4C98EA4C-59A6-4EA4-8738-94B1B4788282}.Debug|Any CPU.Build.0 = Debug|Any CPU
		{4C98EA4C-59A6-4EA4-8738-94B1B4788282}.Release|Any CPU.ActiveCfg = Release|Any CPU
		{4C98EA4C-59A6-4EA4-8738-94B1B4788282}.Release|Any CPU.Build.0 = Release|Any CPU
	EndGlobalSection
	GlobalSection(SolutionProperties) = preSolution
		HideSolutionNode = FALSE
	EndGlobalSection
	GlobalSection(ExtensibilityGlobals) = postSolution
		SolutionGuid = {5A417141-21C0-4DE1-8EA0-F4B590E5CBB2}
	EndGlobalSection
EndGlobal
